
Microsoft Visual Studio Solution File, Format Version 12.00
# Visual Studio Version 17
VisualStudioVersion = 17.4.33213.308
MinimumVisualStudioVersion = 10.0.40219.1
Project("{FAE04EC0-301F-11D3-BF4B-00C04F79EFBC}") = "CourseWorkSpring2023", "CourseWorkSpring2023.csproj", "{28DEC4DC-6082-4AEB-B523-57BF8FAF6977}"
EndProject
Global
	GlobalSection(SolutionConfigurationPlatforms) = preSolution
		Debug|Any CPU = Debug|Any CPU
		Release|Any CPU = Release|Any CPU
	EndGlobalSection
	GlobalSection(ProjectConfigurationPlatforms) = postSolution
		{28DEC4DC-6082-4AEB-B523-57BF8FAF6977}.Debug|Any CPU.ActiveCfg = Debug|Any CPU
		{28DEC4DC-6082-4AEB-B523-57BF8FAF6977}.Debug|Any CPU.Build.0 = Debug|Any CPU
		{28DEC4DC-6082-4AEB-B523-57BF8FAF6977}.Release|Any CPU.ActiveCfg = Release|Any CPU
		{28DEC4DC-6082-4AEB-B523-57BF8FAF6977}.Release|Any CPU.Build.0 = Release|Any CPU
	EndGlobalSection
	GlobalSection(SolutionProperties) = preSolution
		HideSolutionNode = FALSE
	EndGlobalSection
	GlobalSection(ExtensibilityGlobals) = postSolution
		SolutionGuid = {F3BDBB63-BF5A-488D-9FB7-32B332BB5208}
	EndGlobalSection
EndGlobal
